
Microsoft Visual Studio Solution File, Format Version 12.00
# Visual Studio Version 17
VisualStudioVersion = 17.14.37531.7
MinimumVisualStudioVersion = 10.0.40219.1
Project("{FAE04EC0-301F-11D3-BF4B-00C04F79EFBC}") = "ConveniencePos", "ConveniencePos\ConveniencePos.csproj", "{6783B2FF-D6EB-4B49-ADA1-82D76D8BC5DC}"
EndProject
Project("{FAE04EC0-301F-11D3-BF4B-00C04F79EFBC}") = "ConveniencePos.Tests", "ConveniencePos.Tests\ConveniencePos.Tests.csproj", "{DA34DD7A-598E-4579-B3BF-3C03E22EB64F}"
EndProject
Global
	GlobalSection(SolutionConfigurationPlatforms) = preSolution
		Debug|Any CPU = Debug|Any CPU
		Debug|x64 = Debug|x64
		Debug|x86 = Debug|x86
		Release|Any CPU = Release|Any CPU
		Release|x64 = Release|x64
		Release|x86 = Release|x86
	EndGlobalSection
	GlobalSection(ProjectConfigurationPlatforms) = postSolution
		{6783B2FF-D6EB-4B49-ADA1-82D76D8BC5DC}.Debug|Any CPU.ActiveCfg = Debug|Any CPU
		{6783B2FF-D6EB-4B49-ADA1-82D76D8BC5DC}.Debug|Any CPU.Build.0 = Debug|Any CPU
		{6783B2FF-D6EB-4B49-ADA1-82D76D8BC5DC}.Debug|x64.ActiveCfg = Debug|Any CPU
		{6783B2FF-D6EB-4B49-ADA1-82D76D8BC5DC}.Debug|x64.Build.0 = Debug|Any CPU
		{6783B2FF-D6EB-4B49-ADA1-82D76D8BC5DC}.Debug|x86.ActiveCfg = Debug|Any CPU
		{6783B2FF-D6EB-4B49-ADA1-82D76D8BC5DC}.Debug|x86.Build.0 = Debug|Any CPU
		{6783B2FF-D6EB-4B49-ADA1-82D76D8BC5DC}.Release|Any CPU.ActiveCfg = Release|Any CPU
		{6783B2FF-D6EB-4B49-ADA1-82D76D8BC5DC}.Release|Any CPU.Build.0 = Release|Any CPU
		{6783B2FF-D6EB-4B49-ADA1-82D76D8BC5DC}.Release|x64.ActiveCfg = Release|Any CPU
		{6783B2FF-D6EB-4B49-ADA1-82D76D8BC5DC}.Release|x64.Build.0 = Release|Any CPU
		{6783B2FF-D6EB-4B49-ADA1-82D76D8BC5DC}.Release|x86.ActiveCfg = Release|Any CPU
		{6783B2FF-D6EB-4B49-ADA1-82D76D8BC5DC}.Release|x86.Build.0 = Release|Any CPU
		{DA34DD7A-598E-4579-B3BF-3C03E22EB64F}.Debug|Any CPU.ActiveCfg = Debug|Any CPU
		{DA34DD7A-598E-4579-B3BF-3C03E22EB64F}.Debug|Any CPU.Build.0 = Debug|Any CPU
		{DA34DD7A-598E-4579-B3BF-3C03E22EB64F}.Debug|x64.ActiveCfg = Debug|Any CPU
		{DA34DD7A-598E-4579-B3BF-3C03E22EB64F}.Debug|x64.Build.0 = Debug|Any CPU
		{DA34DD7A-598E-4579-B3BF-3C03E22EB64F}.Debug|x86.ActiveCfg = Debug|Any CPU
		{DA34DD7A-598E-4579-B3BF-3C03E22EB64F}.Debug|x86.Build.0 = Debug|Any CPU
		{DA34DD7A-598E-4579-B3BF-3C03E22EB64F}.Release|Any CPU.ActiveCfg = Release|Any CPU
		{DA34DD7A-598E-4579-B3BF-3C03E22EB64F}.Release|Any CPU.Build.0 = Release|Any CPU
		{DA34DD7A-598E-4579-B3BF-3C03E22EB64F}.Release|x64.ActiveCfg = Release|Any CPU
		{DA34DD7A-598E-4579-B3BF-3C03E22EB64F}.Release|x64.Build.0 = Release|Any CPU
		{DA34DD7A-598E-4579-B3BF-3C03E22EB64F}.Release|x86.ActiveCfg = Release|Any CPU
		{DA34DD7A-598E-4579-B3BF-3C03E22EB64F}.Release|x86.Build.0 = Release|Any CPU
	EndGlobalSection
	GlobalSection(SolutionProperties) = preSolution
		HideSolutionNode = FALSE
	EndGlobalSection
	GlobalSection(ExtensibilityGlobals) = postSolution
		SolutionGuid = {A1858F90-F3BF-405B-A84E-0D7FB7A445B7}
	EndGlobalSection
EndGlobal
